
Microsoft Visual Studio Solution File, Format Version 12.00
# Visual Studio 14
VisualStudioVersion = 14.0.22823.1
MinimumVisualStudioVersion = 10.0.40219.1
Project("{FAE04EC0-301F-11D3-BF4B-00C04F79EFBC}") = "RobotSharp", "src\RobotSharp\RobotSharp.csproj", "{DCE6F589-9F24-4BC3-9E3C-6B6629DE383B}"
EndProject
Project("{FAE04EC0-301F-11D3-BF4B-00C04F79EFBC}") = "RobotSharp.Impl", "src\RobotSharp.Impl\RobotSharp.Impl.csproj", "{2BF72DB0-82D8-4AEB-B541-B76BE09321E6}"
EndProject
Project("{2150E333-8FDC-42A3-9474-1A3956D46DE8}") = "samples", "samples", "{DE7ABA01-9022-4B7E-A91E-465FF4308F61}"
EndProject
Project("{FAE04EC0-301F-11D3-BF4B-00C04F79EFBC}") = "ManualControlSample", "samples\ManualControlSample\ManualControlSample.csproj", "{C6D27695-110C-4EA9-BDE5-18D2128AB182}"
EndProject
Project("{FAE04EC0-301F-11D3-BF4B-00C04F79EFBC}") = "RobotSharp.WebSocketServer", "samples\RobotSharp.WebSocketServer\RobotSharp.WebSocketServer.csproj", "{9280878A-A53A-42E9-9772-33286DFE53B4}"
EndProject
Project("{FAE04EC0-301F-11D3-BF4B-00C04F79EFBC}") = "RobotSharp.WebServer", "samples\RobotSharp.WebServer\RobotSharp.WebServer.csproj", "{6674129C-A850-4300-8213-89740E98F6EA}"
EndProject
Project("{FAE04EC0-301F-11D3-BF4B-00C04F79EFBC}") = "RobotSharp.WebSocket", "samples\RobotSharp.WebSocket\RobotSharp.WebSocket.csproj", "{709E6988-6D31-4126-A93E-FA888D6082FF}"
EndProject
Project("{2150E333-8FDC-42A3-9474-1A3956D46DE8}") = ".nuget", ".nuget", "{F6ADEA32-3C6D-4C6B-B2E6-97709AD9334B}"
	ProjectSection(SolutionItems) = preProject
		.nuget\packages.config = .nuget\packages.config
	EndProjectSection
EndProject
Project("{2150E333-8FDC-42A3-9474-1A3956D46DE8}") = "Windows10", "Windows10", "{7353CFC8-308D-40E6-8041-FC2ECF1E10EB}"
EndProject
Project("{FAE04EC0-301F-11D3-BF4B-00C04F79EFBC}") = "RobotSharp.Control", "RobotSharp.Control\RobotSharp.Control.csproj", "{968C0918-8F7B-4DA5-81F6-BF56DEBF3FCB}"
EndProject
Global
	GlobalSection(SolutionConfigurationPlatforms) = preSolution
		Debug|Any CPU = Debug|Any CPU
		Debug|ARM = Debug|ARM
		Debug|x64 = Debug|x64
		Debug|x86 = Debug|x86
		Release|Any CPU = Release|Any CPU
		Release|ARM = Release|ARM
		Release|x64 = Release|x64
		Release|x86 = Release|x86
	EndGlobalSection
	GlobalSection(ProjectConfigurationPlatforms) = postSolution
		{DCE6F589-9F24-4BC3-9E3C-6B6629DE383B}.Debug|Any CPU.ActiveCfg = Debug|Any CPU
		{DCE6F589-9F24-4BC3-9E3C-6B6629DE383B}.Debug|Any CPU.Build.0 = Debug|Any CPU
		{DCE6F589-9F24-4BC3-9E3C-6B6629DE383B}.Debug|ARM.ActiveCfg = Debug|Any CPU
		{DCE6F589-9F24-4BC3-9E3C-6B6629DE383B}.Debug|ARM.Build.0 = Debug|Any CPU
		{DCE6F589-9F24-4BC3-9E3C-6B6629DE383B}.Debug|x64.ActiveCfg = Debug|Any CPU
		{DCE6F589-9F24-4BC3-9E3C-6B6629DE383B}.Debug|x64.Build.0 = Debug|Any CPU
		{DCE6F589-9F24-4BC3-9E3C-6B6629DE383B}.Debug|x86.ActiveCfg = Debug|Any CPU
		{DCE6F589-9F24-4BC3-9E3C-6B6629DE383B}.Debug|x86.Build.0 = Debug|Any CPU
		{DCE6F589-9F24-4BC3-9E3C-6B6629DE383B}.Release|Any CPU.ActiveCfg = Release|Any CPU
		{DCE6F589-9F24-4BC3-9E3C-6B6629DE383B}.Release|Any CPU.Build.0 = Release|Any CPU
		{DCE6F589-9F24-4BC3-9E3C-6B6629DE383B}.Release|ARM.ActiveCfg = Release|Any CPU
		{DCE6F589-9F24-4BC3-9E3C-6B6629DE383B}.Release|ARM.Build.0 = Release|Any CPU
		{DCE6F589-9F24-4BC3-9E3C-6B6629DE383B}.Release|x64.ActiveCfg = Release|Any CPU
		{DCE6F589-9F24-4BC3-9E3C-6B6629DE383B}.Release|x64.Build.0 = Release|Any CPU
		{DCE6F589-9F24-4BC3-9E3C-6B6629DE383B}.Release|x86.ActiveCfg = Release|Any CPU
		{DCE6F589-9F24-4BC3-9E3C-6B6629DE383B}.Release|x86.Build.0 = Release|Any CPU
		{2BF72DB0-82D8-4AEB-B541-B76BE09321E6}.Debug|Any CPU.ActiveCfg = Debug|Any CPU
		{2BF72DB0-82D8-4AEB-B541-B76BE09321E6}.Debug|Any CPU.Build.0 = Debug|Any CPU
		{2BF72DB0-82D8-4AEB-B541-B76BE09321E6}.Debug|ARM.ActiveCfg = Debug|Any CPU
		{2BF72DB0-82D8-4AEB-B541-B76BE09321E6}.Debug|ARM.Build.0 = Debug|Any CPU
		{2BF72DB0-82D8-4AEB-B541-B76BE09321E6}.Debug|x64.ActiveCfg = Debug|Any CPU
		{2BF72DB0-82D8-4AEB-B541-B76BE09321E6}.Debug|x64.Build.0 = Debug|Any CPU
		{2BF72DB0-82D8-4AEB-B541-B76BE09321E6}.Debug|x86.ActiveCfg = Debug|Any CPU
		{2BF72DB0-82D8-4AEB-B541-B76BE09321E6}.Debug|x86.Build.0 = Debug|Any CPU
		{2BF72DB0-82D8-4AEB-B541-B76BE09321E6}.Release|Any CPU.ActiveCfg = Release|Any CPU
		{2BF72DB0-82D8-4AEB-B541-B76BE09321E6}.Release|Any CPU.Build.0 = Release|Any CPU
		{2BF72DB0-82D8-4AEB-B541-B76BE09321E6}.Release|ARM.ActiveCfg = Release|Any CPU
		{2BF72DB0-82D8-4AEB-B541-B76BE09321E6}.Release|ARM.Build.0 = Release|Any CPU
		{2BF72DB0-82D8-4AEB-B541-B76BE09321E6}.Release|x64.ActiveCfg = Release|Any CPU
		{2BF72DB0-82D8-4AEB-B541-B76BE09321E6}.Release|x64.Build.0 = Release|Any CPU
		{2BF72DB0-82D8-4AEB-B541-B76BE09321E6}.Release|x86.ActiveCfg = Release|Any CPU
		{2BF72DB0-82D8-4AEB-B541-B76BE09321E6}.Release|x86.Build.0 = Release|Any CPU
		{C6D27695-110C-4EA9-BDE5-18D2128AB182}.Debug|Any CPU.ActiveCfg = Debug|Any CPU
		{C6D27695-110C-4EA9-BDE5-18D2128AB182}.Debug|Any CPU.Build.0 = Debug|Any CPU
		{C6D27695-110C-4EA9-BDE5-18D2128AB182}.Debug|ARM.ActiveCfg = Debug|Any CPU
		{C6D27695-110C-4EA9-BDE5-18D2128AB182}.Debug|ARM.Build.0 = Debug|Any CPU
		{C6D27695-110C-4EA9-BDE5-18D2128AB182}.Debug|x64.ActiveCfg = Debug|Any CPU
		{C6D27695-110C-4EA9-BDE5-18D2128AB182}.Debug|x64.Build.0 = Debug|Any CPU
		{C6D27695-110C-4EA9-BDE5-18D2128AB182}.Debug|x86.ActiveCfg = Debug|Any CPU
		{C6D27695-110C-4EA9-BDE5-18D2128AB182}.Debug|x86.Build.0 = Debug|Any CPU
		{C6D27695-110C-4EA9-BDE5-18D2128AB182}.Release|Any CPU.ActiveCfg = Release|Any CPU
		{C6D27695-110C-4EA9-BDE5-18D2128AB182}.Release|Any CPU.Build.0 = Release|Any CPU
		{C6D27695-110C-4EA9-BDE5-18D2128AB182}.Release|ARM.ActiveCfg = Release|Any CPU
		{C6D27695-110C-4EA9-BDE5-18D2128AB182}.Release|ARM.Build.0 = Release|Any CPU
		{C6D27695-110C-4EA9-BDE5-18D2128AB182}.Release|x64.ActiveCfg = Release|Any CPU
		{C6D27695-110C-4EA9-BDE5-18D2128AB182}.Release|x64.Build.0 = Release|Any CPU
		{C6D27695-110C-4EA9-BDE5-18D2128AB182}.Release|x86.ActiveCfg = Release|Any CPU
		{C6D27695-110C-4EA9-BDE5-18D2128AB182}.Release|x86.Build.0 = Release|Any CPU
		{9280878A-A53A-42E9-9772-33286DFE53B4}.Debug|Any CPU.ActiveCfg = Debug|Any CPU
		{9280878A-A53A-42E9-9772-33286DFE53B4}.Debug|Any CPU.Build.0 = Debug|Any CPU
		{9280878A-A53A-42E9-9772-33286DFE53B4}.Debug|ARM.ActiveCfg = Debug|Any CPU
		{9280878A-A53A-42E9-9772-33286DFE53B4}.Debug|ARM.Build.0 = Debug|Any CPU
		{9280878A-A53A-42E9-9772-33286DFE53B4}.Debug|x64.ActiveCfg = Debug|Any CPU
		{9280878A-A53A-42E9-9772-33286DFE53B4}.Debug|x64.Build.0 = Debug|Any CPU
		{9280878A-A53A-42E9-9772-33286DFE53B4}.Debug|x86.ActiveCfg = Debug|Any CPU
		{9280878A-A53A-42E9-9772-33286DFE53B4}.Debug|x86.Build.0 = Debug|Any CPU
		{9280878A-A53A-42E9-9772-33286DFE53B4}.Release|Any CPU.ActiveCfg = Release|Any CPU
		{9280878A-A53A-42E9-9772-33286DFE53B4}.Release|Any CPU.Build.0 = Release|Any CPU
		{9280878A-A53A-42E9-9772-33286DFE53B4}.Release|ARM.ActiveCfg = Release|Any CPU
		{9280878A-A53A-42E9-9772-33286DFE53B4}.Release|ARM.Build.0 = Release|Any CPU
		{9280878A-A53A-42E9-9772-33286DFE53B4}.Release|x64.ActiveCfg = Release|Any CPU
		{9280878A-A53A-42E9-9772-33286DFE53B4}.Release|x64.Build.0 = Release|Any CPU
		{9280878A-A53A-42E9-9772-33286DFE53B4}.Release|x86.ActiveCfg = Release|Any CPU
		{9280878A-A53A-42E9-9772-33286DFE53B4}.Release|x86.Build.0 = Release|Any CPU
		{6674129C-A850-4300-8213-89740E98F6EA}.Debug|Any CPU.ActiveCfg = Debug|Any CPU
		{6674129C-A850-4300-8213-89740E98F6EA}.Debug|Any CPU.Build.0 = Debug|Any CPU
		{6674129C-A850-4300-8213-89740E98F6EA}.Debug|ARM.ActiveCfg = Debug|Any CPU
		{6674129C-A850-4300-8213-89740E98F6EA}.Debug|ARM.Build.0 = Debug|Any CPU
		{6674129C-A850-4300-8213-89740E98F6EA}.Debug|x64.ActiveCfg = Debug|Any CPU
		{6674129C-A850-4300-8213-89740E98F6EA}.Debug|x64.Build.0 = Debug|Any CPU
		{6674129C-A850-4300-8213-89740E98F6EA}.Debug|x86.ActiveCfg = Debug|Any CPU
		{6674129C-A850-4300-8213-89740E98F6EA}.Debug|x86.Build.0 = Debug|Any CPU
		{6674129C-A850-4300-8213-89740E98F6EA}.Release|Any CPU.ActiveCfg = Release|Any CPU
		{6674129C-A850-4300-8213-89740E98F6EA}.Release|Any CPU.Build.0 = Release|Any CPU
		{6674129C-A850-4300-8213-89740E98F6EA}.Release|ARM.ActiveCfg = Release|Any CPU
		{6674129C-A850-4300-8213-89740E98F6EA}.Release|ARM.Build.0 = Release|Any CPU
		{6674129C-A850-4300-8213-89740E98F6EA}.Release|x64.ActiveCfg = Release|Any CPU
		{6674129C-A850-4300-8213-89740E98F6EA}.Release|x64.Build.0 = Release|Any CPU
		{6674129C-A850-4300-8213-89740E98F6EA}.Release|x86.ActiveCfg = Release|Any CPU
		{6674129C-A850-4300-8213-89740E98F6EA}.Release|x86.Build.0 = Release|Any CPU
		{709E6988-6D31-4126-A93E-FA888D6082FF}.Debug|Any CPU.ActiveCfg = Debug|Any CPU
		{709E6988-6D31-4126-A93E-FA888D6082FF}.Debug|Any CPU.Build.0 = Debug|Any CPU
		{709E6988-6D31-4126-A93E-FA888D6082FF}.Debug|ARM.ActiveCfg = Debug|Any CPU
		{709E6988-6D31-4126-A93E-FA888D6082FF}.Debug|ARM.Build.0 = Debug|Any CPU
		{709E6988-6D31-4126-A93E-FA888D6082FF}.Debug|x64.ActiveCfg = Debug|Any CPU
		{709E6988-6D31-4126-A93E-FA888D6082FF}.Debug|x64.Build.0 = Debug|Any CPU
		{709E6988-6D31-4126-A93E-FA888D6082FF}.Debug|x86.ActiveCfg = Debug|Any CPU
		{709E6988-6D31-4126-A93E-FA888D6082FF}.Debug|x86.Build.0 = Debug|Any CPU
		{709E6988-6D31-4126-A93E-FA888D6082FF}.Release|Any CPU.ActiveCfg = Release|Any CPU
		{709E6988-6D31-4126-A93E-FA888D6082FF}.Release|Any CPU.Build.0 = Release|Any CPU
		{709E6988-6D31-4126-A93E-FA888D6082FF}.Release|ARM.ActiveCfg = Release|Any CPU
		{709E6988-6D31-4126-A93E-FA888D6082FF}.Release|ARM.Build.0 = Release|Any CPU
		{709E6988-6D31-4126-A93E-FA888D6082FF}.Release|x64.ActiveCfg = Release|Any CPU
		{709E6988-6D31-4126-A93E-FA888D6082FF}.Release|x64.Build.0 = Release|Any CPU
		{709E6988-6D31-4126-A93E-FA888D6082FF}.Release|x86.ActiveCfg = Release|Any CPU
		{709E6988-6D31-4126-A93E-FA888D6082FF}.Release|x86.Build.0 = Release|Any CPU
		{968C0918-8F7B-4DA5-81F6-BF56DEBF3FCB}.Debug|Any CPU.ActiveCfg = Debug|x86
		{968C0918-8F7B-4DA5-81F6-BF56DEBF3FCB}.Debug|ARM.ActiveCfg = Debug|ARM
		{968C0918-8F7B-4DA5-81F6-BF56DEBF3FCB}.Debug|ARM.Build.0 = Debug|ARM
		{968C0918-8F7B-4DA5-81F6-BF56DEBF3FCB}.Debug|ARM.Deploy.0 = Debug|ARM
		{968C0918-8F7B-4DA5-81F6-BF56DEBF3FCB}.Debug|x64.ActiveCfg = Debug|x64
		{968C0918-8F7B-4DA5-81F6-BF56DEBF3FCB}.Debug|x64.Build.0 = Debug|x64
		{968C0918-8F7B-4DA5-81F6-BF56DEBF3FCB}.Debug|x64.Deploy.0 = Debug|x64
		{968C0918-8F7B-4DA5-81F6-BF56DEBF3FCB}.Debug|x86.ActiveCfg = Debug|x86
		{968C0918-8F7B-4DA5-81F6-BF56DEBF3FCB}.Debug|x86.Build.0 = Debug|x86
		{968C0918-8F7B-4DA5-81F6-BF56DEBF3FCB}.Debug|x86.Deploy.0 = Debug|x86
		{968C0918-8F7B-4DA5-81F6-BF56DEBF3FCB}.Release|Any CPU.ActiveCfg = Release|x86
		{968C0918-8F7B-4DA5-81F6-BF56DEBF3FCB}.Release|ARM.ActiveCfg = Release|ARM
		{968C0918-8F7B-4DA5-81F6-BF56DEBF3FCB}.Release|ARM.Build.0 = Release|ARM
		{968C0918-8F7B-4DA5-81F6-BF56DEBF3FCB}.Release|ARM.Deploy.0 = Release|ARM
		{968C0918-8F7B-4DA5-81F6-BF56DEBF3FCB}.Release|x64.ActiveCfg = Release|x64
		{968C0918-8F7B-4DA5-81F6-BF56DEBF3FCB}.Release|x64.Build.0 = Release|x64
		{968C0918-8F7B-4DA5-81F6-BF56DEBF3FCB}.Release|x64.Deploy.0 = Release|x64
		{968C0918-8F7B-4DA5-81F6-BF56DEBF3FCB}.Release|x86.ActiveCfg = Release|x86
		{968C0918-8F7B-4DA5-81F6-BF56DEBF3FCB}.Release|x86.Build.0 = Release|x86
		{968C0918-8F7B-4DA5-81F6-BF56DEBF3FCB}.Release|x86.Deploy.0 = Release|x86
	EndGlobalSection
	GlobalSection(SolutionProperties) = preSolution
		HideSolutionNode = FALSE
	EndGlobalSection
	GlobalSection(NestedProjects) = preSolution
		{C6D27695-110C-4EA9-BDE5-18D2128AB182} = {DE7ABA01-9022-4B7E-A91E-465FF4308F61}
		{9280878A-A53A-42E9-9772-33286DFE53B4} = {DE7ABA01-9022-4B7E-A91E-465FF4308F61}
		{6674129C-A850-4300-8213-89740E98F6EA} = {DE7ABA01-9022-4B7E-A91E-465FF4308F61}
		{709E6988-6D31-4126-A93E-FA888D6082FF} = {DE7ABA01-9022-4B7E-A91E-465FF4308F61}
		{7353CFC8-308D-40E6-8041-FC2ECF1E10EB} = {DE7ABA01-9022-4B7E-A91E-465FF4308F61}
		{968C0918-8F7B-4DA5-81F6-BF56DEBF3FCB} = {7353CFC8-308D-40E6-8041-FC2ECF1E10EB}
	EndGlobalSection
EndGlobal
