
Microsoft Visual Studio Solution File, Format Version 12.00
# Visual Studio 2013
VisualStudioVersion = 12.0.31101.0
MinimumVisualStudioVersion = 10.0.40219.1
Project("{FAE04EC0-301F-11D3-BF4B-00C04F79EFBC}") = "RobotSharp", "src\RobotSharp\RobotSharp.csproj", "{DCE6F589-9F24-4BC3-9E3C-6B6629DE383B}"
EndProject
Project("{FAE04EC0-301F-11D3-BF4B-00C04F79EFBC}") = "RobotSharp.Impl", "src\RobotSharp.Impl\RobotSharp.Impl.csproj", "{2BF72DB0-82D8-4AEB-B541-B76BE09321E6}"
EndProject
Project("{2150E333-8FDC-42A3-9474-1A3956D46DE8}") = "samples", "samples", "{DE7ABA01-9022-4B7E-A91E-465FF4308F61}"
EndProject
Project("{FAE04EC0-301F-11D3-BF4B-00C04F79EFBC}") = "ManualControlSample", "samples\ManualControlSample\ManualControlSample.csproj", "{C6D27695-110C-4EA9-BDE5-18D2128AB182}"
EndProject
Project("{FAE04EC0-301F-11D3-BF4B-00C04F79EFBC}") = "RobotSharp.WebSocketServer", "samples\RobotSharp.WebSocketServer\RobotSharp.WebSocketServer.csproj", "{9280878A-A53A-42E9-9772-33286DFE53B4}"
EndProject
Project("{FAE04EC0-301F-11D3-BF4B-00C04F79EFBC}") = "RobotSharp.WebServer", "samples\RobotSharp.WebServer\RobotSharp.WebServer.csproj", "{6674129C-A850-4300-8213-89740E98F6EA}"
EndProject
Project("{FAE04EC0-301F-11D3-BF4B-00C04F79EFBC}") = "RobotSharp.WebSocket", "samples\RobotSharp.WebSocket\RobotSharp.WebSocket.csproj", "{709E6988-6D31-4126-A93E-FA888D6082FF}"
EndProject
Project("{2150E333-8FDC-42A3-9474-1A3956D46DE8}") = ".nuget", ".nuget", "{F6ADEA32-3C6D-4C6B-B2E6-97709AD9334B}"
	ProjectSection(SolutionItems) = preProject
		.nuget\packages.config = .nuget\packages.config
	EndProjectSection
EndProject
Global
	GlobalSection(SolutionConfigurationPlatforms) = preSolution
		Debug|Any CPU = Debug|Any CPU
		Release|Any CPU = Release|Any CPU
	EndGlobalSection
	GlobalSection(ProjectConfigurationPlatforms) = postSolution
		{DCE6F589-9F24-4BC3-9E3C-6B6629DE383B}.Debug|Any CPU.ActiveCfg = Debug|Any CPU
		{DCE6F589-9F24-4BC3-9E3C-6B6629DE383B}.Debug|Any CPU.Build.0 = Debug|Any CPU
		{DCE6F589-9F24-4BC3-9E3C-6B6629DE383B}.Release|Any CPU.ActiveCfg = Release|Any CPU
		{DCE6F589-9F24-4BC3-9E3C-6B6629DE383B}.Release|Any CPU.Build.0 = Release|Any CPU
		{2BF72DB0-82D8-4AEB-B541-B76BE09321E6}.Debug|Any CPU.ActiveCfg = Debug|Any CPU
		{2BF72DB0-82D8-4AEB-B541-B76BE09321E6}.Debug|Any CPU.Build.0 = Debug|Any CPU
		{2BF72DB0-82D8-4AEB-B541-B76BE09321E6}.Release|Any CPU.ActiveCfg = Release|Any CPU
		{2BF72DB0-82D8-4AEB-B541-B76BE09321E6}.Release|Any CPU.Build.0 = Release|Any CPU
		{C6D27695-110C-4EA9-BDE5-18D2128AB182}.Debug|Any CPU.ActiveCfg = Debug|Any CPU
		{C6D27695-110C-4EA9-BDE5-18D2128AB182}.Debug|Any CPU.Build.0 = Debug|Any CPU
		{C6D27695-110C-4EA9-BDE5-18D2128AB182}.Release|Any CPU.ActiveCfg = Release|Any CPU
		{C6D27695-110C-4EA9-BDE5-18D2128AB182}.Release|Any CPU.Build.0 = Release|Any CPU
		{9280878A-A53A-42E9-9772-33286DFE53B4}.Debug|Any CPU.ActiveCfg = Debug|Any CPU
		{9280878A-A53A-42E9-9772-33286DFE53B4}.Debug|Any CPU.Build.0 = Debug|Any CPU
		{9280878A-A53A-42E9-9772-33286DFE53B4}.Release|Any CPU.ActiveCfg = Release|Any CPU
		{9280878A-A53A-42E9-9772-33286DFE53B4}.Release|Any CPU.Build.0 = Release|Any CPU
		{6674129C-A850-4300-8213-89740E98F6EA}.Debug|Any CPU.ActiveCfg = Debug|Any CPU
		{6674129C-A850-4300-8213-89740E98F6EA}.Debug|Any CPU.Build.0 = Debug|Any CPU
		{6674129C-A850-4300-8213-89740E98F6EA}.Release|Any CPU.ActiveCfg = Release|Any CPU
		{6674129C-A850-4300-8213-89740E98F6EA}.Release|Any CPU.Build.0 = Release|Any CPU
		{709E6988-6D31-4126-A93E-FA888D6082FF}.Debug|Any CPU.ActiveCfg = Debug|Any CPU
		{709E6988-6D31-4126-A93E-FA888D6082FF}.Debug|Any CPU.Build.0 = Debug|Any CPU
		{709E6988-6D31-4126-A93E-FA888D6082FF}.Release|Any CPU.ActiveCfg = Release|Any CPU
		{709E6988-6D31-4126-A93E-FA888D6082FF}.Release|Any CPU.Build.0 = Release|Any CPU
	EndGlobalSection
	GlobalSection(SolutionProperties) = preSolution
		HideSolutionNode = FALSE
	EndGlobalSection
	GlobalSection(NestedProjects) = preSolution
		{C6D27695-110C-4EA9-BDE5-18D2128AB182} = {DE7ABA01-9022-4B7E-A91E-465FF4308F61}
		{9280878A-A53A-42E9-9772-33286DFE53B4} = {DE7ABA01-9022-4B7E-A91E-465FF4308F61}
		{6674129C-A850-4300-8213-89740E98F6EA} = {DE7ABA01-9022-4B7E-A91E-465FF4308F61}
		{709E6988-6D31-4126-A93E-FA888D6082FF} = {DE7ABA01-9022-4B7E-A91E-465FF4308F61}
	EndGlobalSection
EndGlobal
